
Microsoft Visual Studio Solution File, Format Version 12.00
# Visual Studio Version 16
VisualStudioVersion = 16.0.31129.286
MinimumVisualStudioVersion = 10.0.40219.1
Project("{9A19103F-16F7-4668-BE54-9A1E7A4F7556}") = "prbd-2021-c08", "prbd-2021-c08\prbd-2021-c08.csproj", "{BDC79972-F3A5-42AD-9183-F1354982D993}"
EndProject
Project("{9A19103F-16F7-4668-BE54-9A1E7A4F7556}") = "PRBD_Framework", "PRBD_Framework\PRBD_Framework.csproj", "{0EE87568-51BA-41D2-A9C4-51A74CB2329B}"
EndProject
Global
	GlobalSection(SolutionConfigurationPlatforms) = preSolution
		Debug|Any CPU = Debug|Any CPU
		Release|Any CPU = Release|Any CPU
	EndGlobalSection
	GlobalSection(ProjectConfigurationPlatforms) = postSolution
		{BDC79972-F3A5-42AD-9183-F1354982D993}.Debug|Any CPU.ActiveCfg = Debug|Any CPU
		{BDC79972-F3A5-42AD-9183-F1354982D993}.Debug|Any CPU.Build.0 = Debug|Any CPU
		{BDC79972-F3A5-42AD-9183-F1354982D993}.Release|Any CPU.ActiveCfg = Release|Any CPU
		{BDC79972-F3A5-42AD-9183-F1354982D993}.Release|Any CPU.Build.0 = Release|Any CPU
		{0EE87568-51BA-41D2-A9C4-51A74CB2329B}.Debug|Any CPU.ActiveCfg = Debug|Any CPU
		{0EE87568-51BA-41D2-A9C4-51A74CB2329B}.Debug|Any CPU.Build.0 = Debug|Any CPU
		{0EE87568-51BA-41D2-A9C4-51A74CB2329B}.Release|Any CPU.ActiveCfg = Release|Any CPU
		{0EE87568-51BA-41D2-A9C4-51A74CB2329B}.Release|Any CPU.Build.0 = Release|Any CPU
	EndGlobalSection
	GlobalSection(SolutionProperties) = preSolution
		HideSolutionNode = FALSE
	EndGlobalSection
	GlobalSection(ExtensibilityGlobals) = postSolution
		SolutionGuid = {5CE16A21-A40F-4B52-862C-E5AD679061D8}
	EndGlobalSection
EndGlobal
